
Microsoft Visual Studio Solution File, Format Version 12.00
# Visual Studio Version 16
VisualStudioVersion = 16.0.31112.23
MinimumVisualStudioVersion = 10.0.40219.1
Project("{FAE04EC0-301F-11D3-BF4B-00C04F79EFBC}") = "TestJobForUralsib.Net", "TestJobForUralsib.Net\TestJobForUralsib.Net.csproj", "{1E5BF618-35A5-4989-B896-BAE60F62B70D}"
EndProject
Project("{FAE04EC0-301F-11D3-BF4B-00C04F79EFBC}") = "TestJobForUralsib.Domain", "TestJobForUralsib.Domain\TestJobForUralsib.Domain.csproj", "{A6D7819E-5F7A-4A75-81E6-B3CEDF00091B}"
EndProject
Global
	GlobalSection(SolutionConfigurationPlatforms) = preSolution
		Debug|Any CPU = Debug|Any CPU
		Release|Any CPU = Release|Any CPU
	EndGlobalSection
	GlobalSection(ProjectConfigurationPlatforms) = postSolution
		{1E5BF618-35A5-4989-B896-BAE60F62B70D}.Debug|Any CPU.ActiveCfg = Debug|Any CPU
		{1E5BF618-35A5-4989-B896-BAE60F62B70D}.Debug|Any CPU.Build.0 = Debug|Any CPU
		{1E5BF618-35A5-4989-B896-BAE60F62B70D}.Release|Any CPU.ActiveCfg = Release|Any CPU
		{1E5BF618-35A5-4989-B896-BAE60F62B70D}.Release|Any CPU.Build.0 = Release|Any CPU
		{A6D7819E-5F7A-4A75-81E6-B3CEDF00091B}.Debug|Any CPU.ActiveCfg = Debug|Any CPU
		{A6D7819E-5F7A-4A75-81E6-B3CEDF00091B}.Debug|Any CPU.Build.0 = Debug|Any CPU
		{A6D7819E-5F7A-4A75-81E6-B3CEDF00091B}.Release|Any CPU.ActiveCfg = Release|Any CPU
		{A6D7819E-5F7A-4A75-81E6-B3CEDF00091B}.Release|Any CPU.Build.0 = Release|Any CPU
	EndGlobalSection
	GlobalSection(SolutionProperties) = preSolution
		HideSolutionNode = FALSE
	EndGlobalSection
	GlobalSection(ExtensibilityGlobals) = postSolution
		SolutionGuid = {120F9E2C-D8E6-46F6-9125-6CAB908171FA}
	EndGlobalSection
EndGlobal
